{
  "name": "mdbrowse",
  "version": "0.1.0",
  "lockfileVersion": 3,
  "requires": true,
  "packages": {
    "": {
      "name": "mdbrowse",
      "version": "0.1.0",
      "dependencies": {
        "@zenbu-labs/pixel": "0.0.21"
      },
      "bin": {
        "mdbrowse": "bin/mdbrowse.mjs"
      }
    },
    "node_modules/@zenbu-labs/pixel": {
      "version": "0.0.21",
      "resolved": "https://registry.npmjs.org/@zenbu-labs/pixel/-/pixel-0.0.21.tgz",
      "integrity": "sha512-3xlpIJtj4sNHA4s+AGTnkz0naluWNeqa9u7bx4+CQpHyWTxtor0feTdFrRKPZpeGVzvGRa1ObtSZsaCpVz671A==",
      "hasInstallScript": true,
      "license": "MIT",
      "dependencies": {
        "react-reconciler": "^0.29.2"
      },
      "bin": {
        "pixel": "dist/bin.js"
      },
      "optionalDependencies": {
        "@zenbu-labs/pixel-native-darwin-arm64": "0.0.21",
        "@zenbu-labs/pixel-native-darwin-x64": "0.0.21",
        "@zenbu-labs/pixel-native-linux-arm64": "0.0.21",
        "@zenbu-labs/pixel-native-linux-x64": "0.0.21"
      },
      "peerDependencies": {
        "react": "^18.3.1"
      }
    },
    "node_modules/@zenbu-labs/pixel-native-darwin-arm64": {
      "version": "0.0.21",
      "resolved": "https://registry.npmjs.org/@zenbu-labs/pixel-native-darwin-arm64/-/pixel-native-darwin-arm64-0.0.21.tgz",
      "integrity": "sha512-AxyXXegXgQgC4m5C2m1a1AWNghxY0AlAOGlpGt1DrGRhHZhuDm72k9OKy7c6ORaKn7Az6v9PXGVMq601mqUlpw==",
      "cpu": [
        "arm64"
      ],
      "license": "MIT",
      "optional": true,
      "os": [
        "darwin"
      ]
    },
    "node_modules/@zenbu-labs/pixel-native-darwin-x64": {
      "version": "0.0.21",
      "resolved": "https://registry.npmjs.org/@zenbu-labs/pixel-native-darwin-x64/-/pixel-native-darwin-x64-0.0.21.tgz",
      "integrity": "sha512-VlV9IisEtSiKR9rZ3MTlcdm1/tY0AuDRK7bMvTHGHoWXI4eg7fc+6GymJt9knFzpYcW27BEn+dw3MKsPgJz9+Q==",
      "cpu": [
        "x64"
      ],
      "license": "MIT",
      "optional": true,
      "os": [
        "darwin"
      ]
    },
    "node_modules/@zenbu-labs/pixel-native-linux-arm64": {
      "version": "0.0.21",
      "resolved": "https://registry.npmjs.org/@zenbu-labs/pixel-native-linux-arm64/-/pixel-native-linux-arm64-0.0.21.tgz",
      "integrity": "sha512-WJ4HPVtPxOaNgxkFnnMoi/nj62vLWycE5FDnvL8KB/bUQmxSWkymgsySkbAOpPh2tLflTy4P1j/X5uS6vVqG0A==",
      "cpu": [
        "arm64"
      ],
      "license": "MIT",
      "optional": true,
      "os": [
        "linux"
      ]
    },
    "node_modules/@zenbu-labs/pixel-native-linux-x64": {
      "version": "0.0.21",
      "resolved": "https://registry.npmjs.org/@zenbu-labs/pixel-native-linux-x64/-/pixel-native-linux-x64-0.0.21.tgz",
      "integrity": "sha512-uZDvFG1bUtrJzbWmboYGc05PKAqofctbMYKn3wexIXgAiLI79sXFnCq/Bpb9UzI0Wm7Zs8u7ezJ392OMVJNSGw==",
      "cpu": [
        "x64"
      ],
      "license": "MIT",
      "optional": true,
      "os": [
        "linux"
      ]
    },
    "node_modules/js-tokens": {
      "version": "4.0.0",
      "resolved": "https://registry.npmjs.org/js-tokens/-/js-tokens-4.0.0.tgz",
      "integrity": "sha512-RdJUflcE3cUzKiMqQgsCu06FPu9UdIJO0beYbPhHN4k6apgJtifcoCtT9bcxOpYBtpD2kCM6Sbzg4CausW/PKQ==",
      "license": "MIT"
    },
    "node_modules/loose-envify": {
      "version": "1.4.0",
      "resolved": "https://registry.npmjs.org/loose-envify/-/loose-envify-1.4.0.tgz",
      "integrity": "sha512-lyuxPGr/Wfhrlem2CL/UcnUc1zcqKAImBDzukY7Y5F/yQiNdko6+fRLevlw1HgMySw7f611UIY408EtxRSoK3Q==",
      "license": "MIT",
      "dependencies": {
        "js-tokens": "^3.0.0 || ^4.0.0"
      },
      "bin": {
        "loose-envify": "cli.js"
      }
    },
    "node_modules/react": {
      "version": "18.3.1",
      "resolved": "https://registry.npmjs.org/react/-/react-18.3.1.tgz",
      "integrity": "sha512-wS+hAgJShR0KhEvPJArfuPVN1+Hz1t0Y6n5jLrGQbkb4urgPE/0Rve+1kMB1v/oWgHgm4WIcV+i7F2pTVj+2iQ==",
      "license": "MIT",
      "peer": true,
      "dependencies": {
        "loose-envify": "^1.1.0"
      },
      "engines": {
        "node": ">=0.10.0"
      }
    },
    "node_modules/react-reconciler": {
      "version": "0.29.2",
      "resolved": "https://registry.npmjs.org/react-reconciler/-/react-reconciler-0.29.2.tgz",
      "integrity": "sha512-zZQqIiYgDCTP/f1N/mAR10nJGrPD2ZR+jDSEsKWJHYC7Cm2wodlwbR3upZRdC3cjIjSlTLNVyO7Iu0Yy7t2AYg==",
      "license": "MIT",
      "dependencies": {
        "loose-envify": "^1.1.0",
        "scheduler": "^0.23.2"
      },
      "engines": {
        "node": ">=0.10.0"
      },
      "peerDependencies": {
        "react": "^18.3.1"
      }
    },
    "node_modules/scheduler": {
      "version": "0.23.2",
      "resolved": "https://registry.npmjs.org/scheduler/-/scheduler-0.23.2.tgz",
      "integrity": "sha512-UOShsPwz7NrMUqhR6t0hWjFduvOzbtv7toDH1/hIrfRNIDBnnBWd0CwJTGvTpngVlmwGCdP9/Zl/tVrDqcuYzQ==",
      "license": "MIT",
      "dependencies": {
        "loose-envify": "^1.1.0"
      }
    }
  }
}
